
Microsoft Visual Studio Solution File, Format Version 12.00
# Visual Studio Version 17
VisualStudioVersion = 17.7.34031.279
MinimumVisualStudioVersion = 10.0.40219.1
Project("{FAE04EC0-301F-11D3-BF4B-00C04F79EFBC}") = "Zombieshooter", "Zombieshooter\Zombieshooter.csproj", "{505C7D60-1E3A-4228-9F60-C849784EDBAE}"
EndProject
Global
	GlobalSection(SolutionConfigurationPlatforms) = preSolution
		Debug|Any CPU = Debug|Any CPU
		Release|Any CPU = Release|Any CPU
	EndGlobalSection
	GlobalSection(ProjectConfigurationPlatforms) = postSolution
		{505C7D60-1E3A-4228-9F60-C849784EDBAE}.Debug|Any CPU.ActiveCfg = Debug|Any CPU
		{505C7D60-1E3A-4228-9F60-C849784EDBAE}.Debug|Any CPU.Build.0 = Debug|Any CPU
		{505C7D60-1E3A-4228-9F60-C849784EDBAE}.Release|Any CPU.ActiveCfg = Release|Any CPU
		{505C7D60-1E3A-4228-9F60-C849784EDBAE}.Release|Any CPU.Build.0 = Release|Any CPU
	EndGlobalSection
	GlobalSection(SolutionProperties) = preSolution
		HideSolutionNode = FALSE
	EndGlobalSection
	GlobalSection(ExtensibilityGlobals) = postSolution
		SolutionGuid = {D3DB87FC-8FE2-40C3-A1E9-A63FD947F38B}
	EndGlobalSection
EndGlobal
